# This file is generated by running "yarn install" inside your project.
# Manual changes might be lost - proceed with caution!

__metadata:
  version: 7

"@a/a@workspace:packages/a":
  version: 0.0.0-use.local
  resolution: "@a/a@workspace:packages/a"
  languageName: unknown
  linkType: soft

"b@workspace:packages/b":
  version: 0.0.0-use.local
  resolution: "b@workspace:packages/b"
  languageName: unknown
  linkType: soft

"yarn-plugins-test@workspace:.":
  version: 0.0.0-use.local
  resolution: "yarn-plugins-test@workspace:."
  languageName: unknown
  linkType: soft
