# This file is generated by running "yarn install" inside your project.
# Manual changes might be lost - proceed with caution!

__metadata:
  version: 7
  cacheKey: 9

"array-ify@npm:^1.0.0":
  version: 1.0.0
  resolution: "array-ify@npm:1.0.0"
  checksum: dacd89cb9fe150a5be2c6a1e6b60c304ebdbc65386df6d2a371047561a40a311e0ee45213f91f242740426977bcbc2553170137e1fc928e363c00735185710cb
  languageName: node
  linkType: hard

"compare-func@npm:^2.0.0":
  version: 2.0.0
  resolution: "compare-func@npm:2.0.0"
  dependencies:
    array-ify: "npm:^1.0.0"
    dot-prop: "npm:^5.1.0"
  checksum: 51fa4e07d360e7dee6d2eaba1f4af310cb69cc547fe8c7fefcfb98b519d1c5d3c8d068f990fa85d3bfd4e92c3192f174338b22321abba2fad2a25d3bc73d1317
  languageName: node
  linkType: hard

"conventional-changelog-conventionalcommits@npm:^5.0.0":
  version: 5.0.0
  resolution: "conventional-changelog-conventionalcommits@npm:5.0.0"
  dependencies:
    compare-func: "npm:^2.0.0"
    lodash: "npm:^4.17.15"
    q: "npm:^1.5.1"
  checksum: cd39e90a9637925b99c425197436f6cec1257f3ae82b437edeb93390d4cea90702cff31c06ab4d9dde71ea243cf64f7665eafa019bbfd7735ce2e4d30b9362bf
  languageName: node
  linkType: hard

"dot-prop@npm:^5.1.0":
  version: 5.3.0
  resolution: "dot-prop@npm:5.3.0"
  dependencies:
    is-obj: "npm:^2.0.0"
  checksum: 640302936faf887e4772e97f33efdc1d12adc33183503497687f0400ef832f1596e81f19a9d0f641a8e3312e9cbaa1a5d6620783dda0113871064dc9dec4a30d
  languageName: node
  linkType: hard

"is-obj@npm:^2.0.0":
  version: 2.0.0
  resolution: "is-obj@npm:2.0.0"
  checksum: 43489a7b25355dfc51f2988a41e00697ce16605dd8c541a35d102077caf00a9fb8810abd76a7c2a3ff4f01a6dd114f1b09506540413a506f73e670285ec14855
  languageName: node
  linkType: hard

"lodash@npm:^4.17.15":
  version: 4.17.21
  resolution: "lodash@npm:4.17.21"
  checksum: 3ac18e92108d68f88429fcddee609e42cf2b653583d9bac22308815a4cd6b185b89a0ad0d9b0c670c371d9d6b61571a98fee6b36e1db14e52766ca253ed9cba0
  languageName: node
  linkType: hard

"q@npm:^1.5.1":
  version: 1.5.1
  resolution: "q@npm:1.5.1"
  checksum: 276b7e93fc76c4979fba33e571e7ff7dec8c93ee0bed8a8f9b212e4bf5b923bb6b632ce0c8981cbb4b49656cf77c163cba032a7e657cba38401c85957ec92fd4
  languageName: node
  linkType: hard

"yarn-plugins-test@workspace:.":
  version: 0.0.0-use.local
  resolution: "yarn-plugins-test@workspace:."
  dependencies:
    conventional-changelog-conventionalcommits: "npm:^5.0.0"
  languageName: unknown
  linkType: soft
